// !$*UTF8*$!
{
	archiveVersion = 1;
	classes = {
	};
	objectVersion = 50;
	objects = {

/* Begin PBXBuildFile section */
		EA7F78BB254FAB0400189F54 /* AppDelegate.swift in Sources */ = {isa = PBXBuildFile; fileRef = EA7F78BA254FAB0400189F54 /* AppDelegate.swift */; };
		EA7F78BD254FAB0400189F54 /* SceneDelegate.swift in Sources */ = {isa = PBXBuildFile; fileRef = EA7F78BC254FAB0400189F54 /* SceneDelegate.swift */; };
		EA7F78C2254FAB0400189F54 /* Main.storyboard in Resources */ = {isa = PBXBuildFile; fileRef = EA7F78C0254FAB0400189F54 /* Main.storyboard */; };
		EA7F78C4254FAB0700189F54 /* Assets.xcassets in Resources */ = {isa = PBXBuildFile; fileRef = EA7F78C3254FAB0700189F54 /* Assets.xcassets */; };
		EA7F78C7254FAB0700189F54 /* LaunchScreen.storyboard in Resources */ = {isa = PBXBuildFile; fileRef = EA7F78C5254FAB0700189F54 /* LaunchScreen.storyboard */; };
		EA7F78D2254FAB0800189F54 /* NavigationVCTransitionTests.swift in Sources */ = {isa = PBXBuildFile; fileRef = EA7F78D1254FAB0800189F54 /* NavigationVCTransitionTests.swift */; };
		EA7F78DD254FAB0800189F54 /* NavigationVCTransitionUITests.swift in Sources */ = {isa = PBXBuildFile; fileRef = EA7F78DC254FAB0800189F54 /* NavigationVCTransitionUITests.swift */; };
		EA7F78EB254FAF5100189F54 /* PushViewController.swift in Sources */ = {isa = PBXBuildFile; fileRef = EA7F78EA254FAF5100189F54 /* PushViewController.swift */; };
		EA7F78ED254FAF5800189F54 /* PopViewController.swift in Sources */ = {isa = PBXBuildFile; fileRef = EA7F78EC254FAF5800189F54 /* PopViewController.swift */; };
		EA7F78EF254FB0EB00189F54 /* NavigationDelegate.swift in Sources */ = {isa = PBXBuildFile; fileRef = EA7F78EE254FB0EB00189F54 /* NavigationDelegate.swift */; };
		EA7F78F1254FB13D00189F54 /* AnimationController.swift in Sources */ = {isa = PBXBuildFile; fileRef = EA7F78F0254FB13D00189F54 /* AnimationController.swift */; };
/* End PBXBuildFile section */

/* Begin PBXContainerItemProxy section */
		EA7F78CE254FAB0800189F54 /* PBXContainerItemProxy */ = {
			isa = PBXContainerItemProxy;
			containerPortal = EA7F78AF254FAB0400189F54 /* Project object */;
			proxyType = 1;
			remoteGlobalIDString = EA7F78B6254FAB0400189F54;
			remoteInfo = NavigationVCTransition;
		};
		EA7F78D9254FAB0800189F54 /* PBXContainerItemProxy */ = {
			isa = PBXContainerItemProxy;
			containerPortal = EA7F78AF254FAB0400189F54 /* Project object */;
			proxyType = 1;
			remoteGlobalIDString = EA7F78B6254FAB0400189F54;
			remoteInfo = NavigationVCTransition;
		};
/* End PBXContainerItemProxy section */

/* Begin PBXFileReference section */
		EA7F78B7254FAB0400189F54 /* NavigationVCTransition.app */ = {isa = PBXFileReference; explicitFileType = wrapper.application; includeInIndex = 0; path = NavigationVCTransition.app; sourceTree = BUILT_PRODUCTS_DIR; };
		EA7F78BA254FAB0400189F54 /* AppDelegate.swift */ = {isa = PBXFileReference; lastKnownFileType = sourcecode.swift; path = AppDelegate.swift; sourceTree = "<group>"; };
		EA7F78BC254FAB0400189F54 /* SceneDelegate.swift */ = {isa = PBXFileReference; lastKnownFileType = sourcecode.swift; path = SceneDelegate.swift; sourceTree = "<group>"; };
		EA7F78C1254FAB0400189F54 /* Base */ = {isa = PBXFileReference; lastKnownFileType = file.storyboard; name = Base; path = Base.lproj/Main.storyboard; sourceTree = "<group>"; };
		EA7F78C3254FAB0700189F54 /* Assets.xcassets */ = {isa = PBXFileReference; lastKnownFileType = folder.assetcatalog; path = Assets.xcassets; sourceTree = "<group>"; };
		EA7F78C6254FAB0700189F54 /* Base */ = {isa = PBXFileReference; lastKnownFileType = file.storyboard; name = Base; path = Base.lproj/LaunchScreen.storyboard; sourceTree = "<group>"; };
		EA7F78C8254FAB0700189F54 /* Info.plist */ = {isa = PBXFileReference; lastKnownFileType = text.plist.xml; path = Info.plist; sourceTree = "<group>"; };
		EA7F78CD254FAB0800189F54 /* NavigationVCTransitionTests.xctest */ = {isa = PBXFileReference; explicitFileType = wrapper.cfbundle; includeInIndex = 0; path = NavigationVCTransitionTests.xctest; sourceTree = BUILT_PRODUCTS_DIR; };
		EA7F78D1254FAB0800189F54 /* NavigationVCTransitionTests.swift */ = {isa = PBXFileReference; lastKnownFileType = sourcecode.swift; path = NavigationVCTransitionTests.swift; sourceTree = "<group>"; };
		EA7F78D3254FAB0800189F54 /* Info.plist */ = {isa = PBXFileReference; lastKnownFileType = text.plist.xml; path = Info.plist; sourceTree = "<group>"; };
		EA7F78D8254FAB0800189F54 /* NavigationVCTransitionUITests.xctest */ = {isa = PBXFileReference; explicitFileType = wrapper.cfbundle; includeInIndex = 0; path = NavigationVCTransitionUITests.xctest; sourceTree = BUILT_PRODUCTS_DIR; };
		EA7F78DC254FAB0800189F54 /* NavigationVCTransitionUITests.swift */ = {isa = PBXFileReference; lastKnownFileType = sourcecode.swift; path = NavigationVCTransitionUITests.swift; sourceTree = "<group>"; };
		EA7F78DE254FAB0800189F54 /* Info.plist */ = {isa = PBXFileReference; lastKnownFileType = text.plist.xml; path = Info.plist; sourceTree = "<group>"; };
		EA7F78EA254FAF5100189F54 /* PushViewController.swift */ = {isa = PBXFileReference; lastKnownFileType = sourcecode.swift; path = PushViewController.swift; sourceTree = "<group>"; };
		EA7F78EC254FAF5800189F54 /* PopViewController.swift */ = {isa = PBXFileReference; lastKnownFileType = sourcecode.swift; path = PopViewController.swift; sourceTree = "<group>"; };
		EA7F78EE254FB0EB00189F54 /* NavigationDelegate.swift */ = {isa = PBXFileReference; lastKnownFileType = sourcecode.swift; path = NavigationDelegate.swift; sourceTree = "<group>"; };
		EA7F78F0254FB13D00189F54 /* AnimationController.swift */ = {isa = PBXFileReference; lastKnownFileType = sourcecode.swift; path = AnimationController.swift; sourceTree = "<group>"; };
/* End PBXFileReference section */

/* Begin PBXFrameworksBuildPhase section */
		EA7F78B4254FAB0400189F54 /* Frameworks */ = {
			isa = PBXFrameworksBuildPhase;
			buildActionMask = 2147483647;
			files = (
			);
			runOnlyForDeploymentPostprocessing = 0;
		};
		EA7F78CA254FAB0800189F54 /* Frameworks */ = {
			isa = PBXFrameworksBuildPhase;
			buildActionMask = 2147483647;
			files = (
			);
			runOnlyForDeploymentPostprocessing = 0;
		};
		EA7F78D5254FAB0800189F54 /* Frameworks */ = {
			isa = PBXFrameworksBuildPhase;
			buildActionMask = 2147483647;
			files = (
			);
			runOnlyForDeploymentPostprocessing = 0;
		};
/* End PBXFrameworksBuildPhase section */

/* Begin PBXGroup section */
		EA7F78AE254FAB0400189F54 = {
			isa = PBXGroup;
			children = (
				EA7F78B9254FAB0400189F54 /* NavigationVCTransition */,
				EA7F78D0254FAB0800189F54 /* NavigationVCTransitionTests */,
				EA7F78DB254FAB0800189F54 /* NavigationVCTransitionUITests */,
				EA7F78B8254FAB0400189F54 /* Products */,
			);
			sourceTree = "<group>";
		};
		EA7F78B8254FAB0400189F54 /* Products */ = {
			isa = PBXGroup;
			children = (
				EA7F78B7254FAB0400189F54 /* NavigationVCTransition.app */,
				EA7F78CD254FAB0800189F54 /* NavigationVCTransitionTests.xctest */,
				EA7F78D8254FAB0800189F54 /* NavigationVCTransitionUITests.xctest */,
			);
			name = Products;
			sourceTree = "<group>";
		};
		EA7F78B9254FAB0400189F54 /* NavigationVCTransition */ = {
			isa = PBXGroup;
			children = (
				EA7F78BA254FAB0400189F54 /* AppDelegate.swift */,
				EA7F78BC254FAB0400189F54 /* SceneDelegate.swift */,
				EA7F78EA254FAF5100189F54 /* PushViewController.swift */,
				EA7F78EC254FAF5800189F54 /* PopViewController.swift */,
				EA7F78EE254FB0EB00189F54 /* NavigationDelegate.swift */,
				EA7F78F0254FB13D00189F54 /* AnimationController.swift */,
				EA7F78C0254FAB0400189F54 /* Main.storyboard */,
				EA7F78C3254FAB0700189F54 /* Assets.xcassets */,
				EA7F78C5254FAB0700189F54 /* LaunchScreen.storyboard */,
				EA7F78C8254FAB0700189F54 /* Info.plist */,
			);
			path = NavigationVCTransition;
			sourceTree = "<group>";
		};
		EA7F78D0254FAB0800189F54 /* NavigationVCTransitionTests */ = {
			isa = PBXGroup;
			children = (
				EA7F78D1254FAB0800189F54 /* NavigationVCTransitionTests.swift */,
				EA7F78D3254FAB0800189F54 /* Info.plist */,
			);
			path = NavigationVCTransitionTests;
			sourceTree = "<group>";
		};
		EA7F78DB254FAB0800189F54 /* NavigationVCTransitionUITests */ = {
			isa = PBXGroup;
			children = (
				EA7F78DC254FAB0800189F54 /* NavigationVCTransitionUITests.swift */,
				EA7F78DE254FAB0800189F54 /* Info.plist */,
			);
			path = NavigationVCTransitionUITests;
			sourceTree = "<group>";
		};
/* End PBXGroup section */

/* Begin PBXNativeTarget section */
		EA7F78B6254FAB0400189F54 /* NavigationVCTransition */ = {
			isa = PBXNativeTarget;
			buildConfigurationList = EA7F78E1254FAB0800189F54 /* Build configuration list for PBXNativeTarget "NavigationVCTransition" */;
			buildPhases = (
				EA7F78B3254FAB0400189F54 /* Sources */,
				EA7F78B4254FAB0400189F54 /* Frameworks */,
				EA7F78B5254FAB0400189F54 /* Resources */,
			);
			buildRules = (
			);
			dependencies = (
			);
			name = NavigationVCTransition;
			productName = NavigationVCTransition;
			productReference = EA7F78B7254FAB0400189F54 /* NavigationVCTransition.app */;
			productType = "com.apple.product-type.application";
		};
		EA7F78CC254FAB0800189F54 /* NavigationVCTransitionTests */ = {
			isa = PBXNativeTarget;
			buildConfigurationList = EA7F78E4254FAB0800189F54 /* Build configuration list for PBXNativeTarget "NavigationVCTransitionTests" */;
			buildPhases = (
				EA7F78C9254FAB0800189F54 /* Sources */,
				EA7F78CA254FAB0800189F54 /* Frameworks */,
				EA7F78CB254FAB0800189F54 /* Resources */,
			);
			buildRules = (
			);
			dependencies = (
				EA7F78CF254FAB0800189F54 /* PBXTargetDependency */,
			);
			name = NavigationVCTransitionTests;
			productName = NavigationVCTransitionTests;
			productReference = EA7F78CD254FAB0800189F54 /* NavigationVCTransitionTests.xctest */;
			productType = "com.apple.product-type.bundle.unit-test";
		};
		EA7F78D7254FAB0800189F54 /* NavigationVCTransitionUITests */ = {
			isa = PBXNativeTarget;
			buildConfigurationList = EA7F78E7254FAB0800189F54 /* Build configuration list for PBXNativeTarget "NavigationVCTransitionUITests" */;
			buildPhases = (
				EA7F78D4254FAB0800189F54 /* Sources */,
				EA7F78D5254FAB0800189F54 /* Frameworks */,
				EA7F78D6254FAB0800189F54 /* Resources */,
			);
			buildRules = (
			);
			dependencies = (
				EA7F78DA254FAB0800189F54 /* PBXTargetDependency */,
			);
			name = NavigationVCTransitionUITests;
			productName = NavigationVCTransitionUITests;
			productReference = EA7F78D8254FAB0800189F54 /* NavigationVCTransitionUITests.xctest */;
			productType = "com.apple.product-type.bundle.ui-testing";
		};
/* End PBXNativeTarget section */

/* Begin PBXProject section */
		EA7F78AF254FAB0400189F54 /* Project object */ = {
			isa = PBXProject;
			attributes = {
				LastSwiftUpdateCheck = 1150;
				LastUpgradeCheck = 1150;
				ORGANIZATIONNAME = "钟奇龙";
				TargetAttributes = {
					EA7F78B6254FAB0400189F54 = {
						CreatedOnToolsVersion = 11.5;
					};
					EA7F78CC254FAB0800189F54 = {
						CreatedOnToolsVersion = 11.5;
						TestTargetID = EA7F78B6254FAB0400189F54;
					};
					EA7F78D7254FAB0800189F54 = {
						CreatedOnToolsVersion = 11.5;
						TestTargetID = EA7F78B6254FAB0400189F54;
					};
				};
			};
			buildConfigurationList = EA7F78B2254FAB0400189F54 /* Build configuration list for PBXProject "NavigationVCTransition" */;
			compatibilityVersion = "Xcode 9.3";
			developmentRegion = en;
			hasScannedForEncodings = 0;
			knownRegions = (
				en,
				Base,
			);
			mainGroup = EA7F78AE254FAB0400189F54;
			productRefGroup = EA7F78B8254FAB0400189F54 /* Products */;
			projectDirPath = "";
			projectRoot = "";
			targets = (
				EA7F78B6254FAB0400189F54 /* NavigationVCTransition */,
				EA7F78CC254FAB0800189F54 /* NavigationVCTransitionTests */,
				EA7F78D7254FAB0800189F54 /* NavigationVCTransitionUITests */,
			);
		};
/* End PBXProject section */

/* Begin PBXResourcesBuildPhase section */
		EA7F78B5254FAB0400189F54 /* Resources */ = {
			isa = PBXResourcesBuildPhase;
			buildActionMask = 2147483647;
			files = (
				EA7F78C7254FAB0700189F54 /* LaunchScreen.storyboard in Resources */,
				EA7F78C4254FAB0700189F54 /* Assets.xcassets in Resources */,
				EA7F78C2254FAB0400189F54 /* Main.storyboard in Resources */,
			);
			runOnlyForDeploymentPostprocessing = 0;
		};
		EA7F78CB254FAB0800189F54 /* Resources */ = {
			isa = PBXResourcesBuildPhase;
			buildActionMask = 2147483647;
			files = (
			);
			runOnlyForDeploymentPostprocessing = 0;
		};
		EA7F78D6254FAB0800189F54 /* Resources */ = {
			isa = PBXResourcesBuildPhase;
			buildActionMask = 2147483647;
			files = (
			);
			runOnlyForDeploymentPostprocessing = 0;
		};
/* End PBXResourcesBuildPhase section */

/* Begin PBXSourcesBuildPhase section */
		EA7F78B3254FAB0400189F54 /* Sources */ = {
			isa = PBXSourcesBuildPhase;
			buildActionMask = 2147483647;
			files = (
				EA7F78F1254FB13D00189F54 /* AnimationController.swift in Sources */,
				EA7F78ED254FAF5800189F54 /* PopViewController.swift in Sources */,
				EA7F78EF254FB0EB00189F54 /* NavigationDelegate.swift in Sources */,
				EA7F78BB254FAB0400189F54 /* AppDelegate.swift in Sources */,
				EA7F78BD254FAB0400189F54 /* SceneDelegate.swift in Sources */,
				EA7F78EB254FAF5100189F54 /* PushViewController.swift in Sources */,
			);
			runOnlyForDeploymentPostprocessing = 0;
		};
		EA7F78C9254FAB0800189F54 /* Sources */ = {
			isa = PBXSourcesBuildPhase;
			buildActionMask = 2147483647;
			files = (
				EA7F78D2254FAB0800189F54 /* NavigationVCTransitionTests.swift in Sources */,
			);
			runOnlyForDeploymentPostprocessing = 0;
		};
		EA7F78D4254FAB0800189F54 /* Sources */ = {
			isa = PBXSourcesBuildPhase;
			buildActionMask = 2147483647;
			files = (
				EA7F78DD254FAB0800189F54 /* NavigationVCTransitionUITests.swift in Sources */,
			);
			runOnlyForDeploymentPostprocessing = 0;
		};
/* End PBXSourcesBuildPhase section */

/* Begin PBXTargetDependency section */
		EA7F78CF254FAB0800189F54 /* PBXTargetDependency */ = {
			isa = PBXTargetDependency;
			target = EA7F78B6254FAB0400189F54 /* NavigationVCTransition */;
			targetProxy = EA7F78CE254FAB0800189F54 /* PBXContainerItemProxy */;
		};
		EA7F78DA254FAB0800189F54 /* PBXTargetDependency */ = {
			isa = PBXTargetDependency;
			target = EA7F78B6254FAB0400189F54 /* NavigationVCTransition */;
			targetProxy = EA7F78D9254FAB0800189F54 /* PBXContainerItemProxy */;
		};
/* End PBXTargetDependency section */

/* Begin PBXVariantGroup section */
		EA7F78C0254FAB0400189F54 /* Main.storyboard */ = {
			isa = PBXVariantGroup;
			children = (
				EA7F78C1254FAB0400189F54 /* Base */,
			);
			name = Main.storyboard;
			sourceTree = "<group>";
		};
		EA7F78C5254FAB0700189F54 /* LaunchScreen.storyboard */ = {
			isa = PBXVariantGroup;
			children = (
				EA7F78C6254FAB0700189F54 /* Base */,
			);
			name = LaunchScreen.storyboard;
			sourceTree = "<group>";
		};
/* End PBXVariantGroup section */

/* Begin XCBuildConfiguration section */
		EA7F78DF254FAB0800189F54 /* Debug */ = {
			isa = XCBuildConfiguration;
			buildSettings = {
				ALWAYS_SEARCH_USER_PATHS = NO;
				CLANG_ANALYZER_NONNULL = YES;
				CLANG_ANALYZER_NUMBER_OBJECT_CONVERSION = YES_AGGRESSIVE;
				CLANG_CXX_LANGUAGE_STANDARD = "gnu++14";
				CLANG_CXX_LIBRARY = "libc++";
				CLANG_ENABLE_MODULES = YES;
				CLANG_ENABLE_OBJC_ARC = YES;
				CLANG_ENABLE_OBJC_WEAK = YES;
				CLANG_WARN_BLOCK_CAPTURE_AUTORELEASING = YES;
				CLANG_WARN_BOOL_CONVERSION = YES;
				CLANG_WARN_COMMA = YES;
				CLANG_WARN_CONSTANT_CONVERSION = YES;
				CLANG_WARN_DEPRECATED_OBJC_IMPLEMENTATIONS = YES;
				CLANG_WARN_DIRECT_OBJC_ISA_USAGE = YES_ERROR;
				CLANG_WARN_DOCUMENTATION_COMMENTS = YES;
				CLANG_WARN_EMPTY_BODY = YES;
				CLANG_WARN_ENUM_CONVERSION = YES;
				CLANG_WARN_INFINITE_RECURSION = YES;
				CLANG_WARN_INT_CONVERSION = YES;
				CLANG_WARN_NON_LITERAL_NULL_CONVERSION = YES;
				CLANG_WARN_OBJC_IMPLICIT_RETAIN_SELF = YES;
				CLANG_WARN_OBJC_LITERAL_CONVERSION = YES;
				CLANG_WARN_OBJC_ROOT_CLASS = YES_ERROR;
				CLANG_WARN_RANGE_LOOP_ANALYSIS = YES;
				CLANG_WARN_STRICT_PROTOTYPES = YES;
				CLANG_WARN_SUSPICIOUS_MOVE = YES;
				CLANG_WARN_UNGUARDED_AVAILABILITY = YES_AGGRESSIVE;
				CLANG_WARN_UNREACHABLE_CODE = YES;
				CLANG_WARN__DUPLICATE_METHOD_MATCH = YES;
				COPY_PHASE_STRIP = NO;
				DEBUG_INFORMATION_FORMAT = dwarf;
				ENABLE_STRICT_OBJC_MSGSEND = YES;
				ENABLE_TESTABILITY = YES;
				GCC_C_LANGUAGE_STANDARD = gnu11;
				GCC_DYNAMIC_NO_PIC = NO;
				GCC_NO_COMMON_BLOCKS = YES;
				GCC_OPTIMIZATION_LEVEL = 0;
				GCC_PREPROCESSOR_DEFINITIONS = (
					"DEBUG=1",
					"$(inherited)",
				);
				GCC_WARN_64_TO_32_BIT_CONVERSION = YES;
				GCC_WARN_ABOUT_RETURN_TYPE = YES_ERROR;
				GCC_WARN_UNDECLARED_SELECTOR = YES;
				GCC_WARN_UNINITIALIZED_AUTOS = YES_AGGRESSIVE;
				GCC_WARN_UNUSED_FUNCTION = YES;
				GCC_WARN_UNUSED_VARIABLE = YES;
				IPHONEOS_DEPLOYMENT_TARGET = 13.5;
				MTL_ENABLE_DEBUG_INFO = INCLUDE_SOURCE;
				MTL_FAST_MATH = YES;
				ONLY_ACTIVE_ARCH = YES;
				SDKROOT = iphoneos;
				SWIFT_ACTIVE_COMPILATION_CONDITIONS = DEBUG;
				SWIFT_OPTIMIZATION_LEVEL = "-Onone";
			};
			name = Debug;
		};
		EA7F78E0254FAB0800189F54 /* Release */ = {
			isa = XCBuildConfiguration;
			buildSettings = {
				ALWAYS_SEARCH_USER_PATHS = NO;
				CLANG_ANALYZER_NONNULL = YES;
				CLANG_ANALYZER_NUMBER_OBJECT_CONVERSION = YES_AGGRESSIVE;
				CLANG_CXX_LANGUAGE_STANDARD = "gnu++14";
				CLANG_CXX_LIBRARY = "libc++";
				CLANG_ENABLE_MODULES = YES;
				CLANG_ENABLE_OBJC_ARC = YES;
				CLANG_ENABLE_OBJC_WEAK = YES;
				CLANG_WARN_BLOCK_CAPTURE_AUTORELEASING = YES;
				CLANG_WARN_BOOL_CONVERSION = YES;
				CLANG_WARN_COMMA = YES;
				CLANG_WARN_CONSTANT_CONVERSION = YES;
				CLANG_WARN_DEPRECATED_OBJC_IMPLEMENTATIONS = YES;
				CLANG_WARN_DIRECT_OBJC_ISA_USAGE = YES_ERROR;
				CLANG_WARN_DOCUMENTATION_COMMENTS = YES;
				CLANG_WARN_EMPTY_BODY = YES;
				CLANG_WARN_ENUM_CONVERSION = YES;
				CLANG_WARN_INFINITE_RECURSION = YES;
				CLANG_WARN_INT_CONVERSION = YES;
				CLANG_WARN_NON_LITERAL_NULL_CONVERSION = YES;
				CLANG_WARN_OBJC_IMPLICIT_RETAIN_SELF = YES;
				CLANG_WARN_OBJC_LITERAL_CONVERSION = YES;
				CLANG_WARN_OBJC_ROOT_CLASS = YES_ERROR;
				CLANG_WARN_RANGE_LOOP_ANALYSIS = YES;
				CLANG_WARN_STRICT_PROTOTYPES = YES;
				CLANG_WARN_SUSPICIOUS_MOVE = YES;
				CLANG_WARN_UNGUARDED_AVAILABILITY = YES_AGGRESSIVE;
				CLANG_WARN_UNREACHABLE_CODE = YES;
				CLANG_WARN__DUPLICATE_METHOD_MATCH = YES;
				COPY_PHASE_STRIP = NO;
				DEBUG_INFORMATION_FORMAT = "dwarf-with-dsym";
				ENABLE_NS_ASSERTIONS = NO;
				ENABLE_STRICT_OBJC_MSGSEND = YES;
				GCC_C_LANGUAGE_STANDARD = gnu11;
				GCC_NO_COMMON_BLOCKS = YES;
				GCC_WARN_64_TO_32_BIT_CONVERSION = YES;
				GCC_WARN_ABOUT_RETURN_TYPE = YES_ERROR;
				GCC_WARN_UNDECLARED_SELECTOR = YES;
				GCC_WARN_UNINITIALIZED_AUTOS = YES_AGGRESSIVE;
				GCC_WARN_UNUSED_FUNCTION = YES;
				GCC_WARN_UNUSED_VARIABLE = YES;
				IPHONEOS_DEPLOYMENT_TARGET = 13.5;
				MTL_ENABLE_DEBUG_INFO = NO;
				MTL_FAST_MATH = YES;
				SDKROOT = iphoneos;
				SWIFT_COMPILATION_MODE = wholemodule;
				SWIFT_OPTIMIZATION_LEVEL = "-O";
				VALIDATE_PRODUCT = YES;
			};
			name = Release;
		};
		EA7F78E2254FAB0800189F54 /* Debug */ = {
			isa = XCBuildConfiguration;
			buildSettings = {
				ASSETCATALOG_COMPILER_APPICON_NAME = AppIcon;
				CODE_SIGN_STYLE = Automatic;
				DEVELOPMENT_TEAM = 558BYD3F79;
				INFOPLIST_FILE = NavigationVCTransition/Info.plist;
				IPHONEOS_DEPLOYMENT_TARGET = 13.4;
				LD_RUNPATH_SEARCH_PATHS = (
					"$(inherited)",
					"@executable_path/Frameworks",
				);
				PRODUCT_BUNDLE_IDENTIFIER = com.zonasse.org.NavigationVCTransition;
				PRODUCT_NAME = "$(TARGET_NAME)";
				SWIFT_VERSION = 5.0;
				TARGETED_DEVICE_FAMILY = "1,2";
			};
			name = Debug;
		};
		EA7F78E3254FAB0800189F54 /* Release */ = {
			isa = XCBuildConfiguration;
			buildSettings = {
				ASSETCATALOG_COMPILER_APPICON_NAME = AppIcon;
				CODE_SIGN_STYLE = Automatic;
				DEVELOPMENT_TEAM = 558BYD3F79;
				INFOPLIST_FILE = NavigationVCTransition/Info.plist;
				IPHONEOS_DEPLOYMENT_TARGET = 13.4;
				LD_RUNPATH_SEARCH_PATHS = (
					"$(inherited)",
					"@executable_path/Frameworks",
				);
				PRODUCT_BUNDLE_IDENTIFIER = com.zonasse.org.NavigationVCTransition;
				PRODUCT_NAME = "$(TARGET_NAME)";
				SWIFT_VERSION = 5.0;
				TARGETED_DEVICE_FAMILY = "1,2";
			};
			name = Release;
		};
		EA7F78E5254FAB0800189F54 /* Debug */ = {
			isa = XCBuildConfiguration;
			buildSettings = {
				ALWAYS_EMBED_SWIFT_STANDARD_LIBRARIES = YES;
				BUNDLE_LOADER = "$(TEST_HOST)";
				CODE_SIGN_STYLE = Automatic;
				DEVELOPMENT_TEAM = 558BYD3F79;
				INFOPLIST_FILE = NavigationVCTransitionTests/Info.plist;
				IPHONEOS_DEPLOYMENT_TARGET = 13.5;
				LD_RUNPATH_SEARCH_PATHS = (
					"$(inherited)",
					"@executable_path/Frameworks",
					"@loader_path/Frameworks",
				);
				PRODUCT_BUNDLE_IDENTIFIER = com.zonasse.org.NavigationVCTransitionTests;
				PRODUCT_NAME = "$(TARGET_NAME)";
				SWIFT_VERSION = 5.0;
				TARGETED_DEVICE_FAMILY = "1,2";
				TEST_HOST = "$(BUILT_PRODUCTS_DIR)/NavigationVCTransition.app/NavigationVCTransition";
			};
			name = Debug;
		};
		EA7F78E6254FAB0800189F54 /* Release */ = {
			isa = XCBuildConfiguration;
			buildSettings = {
				ALWAYS_EMBED_SWIFT_STANDARD_LIBRARIES = YES;
				BUNDLE_LOADER = "$(TEST_HOST)";
				CODE_SIGN_STYLE = Automatic;
				DEVELOPMENT_TEAM = 558BYD3F79;
				INFOPLIST_FILE = NavigationVCTransitionTests/Info.plist;
				IPHONEOS_DEPLOYMENT_TARGET = 13.5;
				LD_RUNPATH_SEARCH_PATHS = (
					"$(inherited)",
					"@executable_path/Frameworks",
					"@loader_path/Frameworks",
				);
				PRODUCT_BUNDLE_IDENTIFIER = com.zonasse.org.NavigationVCTransitionTests;
				PRODUCT_NAME = "$(TARGET_NAME)";
				SWIFT_VERSION = 5.0;
				TARGETED_DEVICE_FAMILY = "1,2";
				TEST_HOST = "$(BUILT_PRODUCTS_DIR)/NavigationVCTransition.app/NavigationVCTransition";
			};
			name = Release;
		};
		EA7F78E8254FAB0800189F54 /* Debug */ = {
			isa = XCBuildConfiguration;
			buildSettings = {
				ALWAYS_EMBED_SWIFT_STANDARD_LIBRARIES = YES;
				CODE_SIGN_STYLE = Automatic;
				DEVELOPMENT_TEAM = 558BYD3F79;
				INFOPLIST_FILE = NavigationVCTransitionUITests/Info.plist;
				LD_RUNPATH_SEARCH_PATHS = (
					"$(inherited)",
					"@executable_path/Frameworks",
					"@loader_path/Frameworks",
				);
				PRODUCT_BUNDLE_IDENTIFIER = com.zonasse.org.NavigationVCTransitionUITests;
				PRODUCT_NAME = "$(TARGET_NAME)";
				SWIFT_VERSION = 5.0;
				TARGETED_DEVICE_FAMILY = "1,2";
				TEST_TARGET_NAME = NavigationVCTransition;
			};
			name = Debug;
		};
		EA7F78E9254FAB0800189F54 /* Release */ = {
			isa = XCBuildConfiguration;
			buildSettings = {
				ALWAYS_EMBED_SWIFT_STANDARD_LIBRARIES = YES;
				CODE_SIGN_STYLE = Automatic;
				DEVELOPMENT_TEAM = 558BYD3F79;
				INFOPLIST_FILE = NavigationVCTransitionUITests/Info.plist;
				LD_RUNPATH_SEARCH_PATHS = (
					"$(inherited)",
					"@executable_path/Frameworks",
					"@loader_path/Frameworks",
				);
				PRODUCT_BUNDLE_IDENTIFIER = com.zonasse.org.NavigationVCTransitionUITests;
				PRODUCT_NAME = "$(TARGET_NAME)";
				SWIFT_VERSION = 5.0;
				TARGETED_DEVICE_FAMILY = "1,2";
				TEST_TARGET_NAME = NavigationVCTransition;
			};
			name = Release;
		};
/* End XCBuildConfiguration section */

/* Begin XCConfigurationList section */
		EA7F78B2254FAB0400189F54 /* Build configuration list for PBXProject "NavigationVCTransition" */ = {
			isa = XCConfigurationList;
			buildConfigurations = (
				EA7F78DF254FAB0800189F54 /* Debug */,
				EA7F78E0254FAB0800189F54 /* Release */,
			);
			defaultConfigurationIsVisible = 0;
			defaultConfigurationName = Release;
		};
		EA7F78E1254FAB0800189F54 /* Build configuration list for PBXNativeTarget "NavigationVCTransition" */ = {
			isa = XCConfigurationList;
			buildConfigurations = (
				EA7F78E2254FAB0800189F54 /* Debug */,
				EA7F78E3254FAB0800189F54 /* Release */,
			);
			defaultConfigurationIsVisible = 0;
			defaultConfigurationName = Release;
		};
		EA7F78E4254FAB0800189F54 /* Build configuration list for PBXNativeTarget "NavigationVCTransitionTests" */ = {
			isa = XCConfigurationList;
			buildConfigurations = (
				EA7F78E5254FAB0800189F54 /* Debug */,
				EA7F78E6254FAB0800189F54 /* Release */,
			);
			defaultConfigurationIsVisible = 0;
			defaultConfigurationName = Release;
		};
		EA7F78E7254FAB0800189F54 /* Build configuration list for PBXNativeTarget "NavigationVCTransitionUITests" */ = {
			isa = XCConfigurationList;
			buildConfigurations = (
				EA7F78E8254FAB0800189F54 /* Debug */,
				EA7F78E9254FAB0800189F54 /* Release */,
			);
			defaultConfigurationIsVisible = 0;
			defaultConfigurationName = Release;
		};
/* End XCConfigurationList section */
	};
	rootObject = EA7F78AF254FAB0400189F54 /* Project object */;
}
